// !$*UTF8*$!
{
	archiveVersion = 1;
	classes = {
	};
	objectVersion = 46;
	objects = {

/* Begin PBXBuildFile section */
		6CB0E1901A8E6A5700022BD6 /* ASBadDoctor.m in Sources */ = {isa = PBXBuildFile; fileRef = 6CB0E18F1A8E6A5700022BD6 /* ASBadDoctor.m */; };
		6CCC20D21A8CCD8100114897 /* main.m in Sources */ = {isa = PBXBuildFile; fileRef = 6CCC20D11A8CCD8100114897 /* main.m */; };
		6CCC20D51A8CCD8100114897 /* AppDelegate.m in Sources */ = {isa = PBXBuildFile; fileRef = 6CCC20D41A8CCD8100114897 /* AppDelegate.m */; };
		6CCC20D81A8CCD8100114897 /* ViewController.m in Sources */ = {isa = PBXBuildFile; fileRef = 6CCC20D71A8CCD8100114897 /* ViewController.m */; };
		6CCC20DB1A8CCD8100114897 /* Main.storyboard in Resources */ = {isa = PBXBuildFile; fileRef = 6CCC20D91A8CCD8100114897 /* Main.storyboard */; };
		6CCC20DD1A8CCD8100114897 /* Images.xcassets in Resources */ = {isa = PBXBuildFile; fileRef = 6CCC20DC1A8CCD8100114897 /* Images.xcassets */; };
		6CCC20E01A8CCD8100114897 /* LaunchScreen.xib in Resources */ = {isa = PBXBuildFile; fileRef = 6CCC20DE1A8CCD8100114897 /* LaunchScreen.xib */; };
		6CCC20EC1A8CCD8100114897 /* HomeWork_09Tests.m in Sources */ = {isa = PBXBuildFile; fileRef = 6CCC20EB1A8CCD8100114897 /* HomeWork_09Tests.m */; };
		6CCC20F71A8CCDCC00114897 /* ASPatient.m in Sources */ = {isa = PBXBuildFile; fileRef = 6CCC20F61A8CCDCC00114897 /* ASPatient.m */; };
		6CCC20FA1A8CD10B00114897 /* ASDoctor.m in Sources */ = {isa = PBXBuildFile; fileRef = 6CCC20F91A8CD10B00114897 /* ASDoctor.m */; };
/* End PBXBuildFile section */

/* Begin PBXContainerItemProxy section */
		6CCC20E61A8CCD8100114897 /* PBXContainerItemProxy */ = {
			isa = PBXContainerItemProxy;
			containerPortal = 6CCC20C41A8CCD8100114897 /* Project object */;
			proxyType = 1;
			remoteGlobalIDString = 6CCC20CB1A8CCD8100114897;
			remoteInfo = HomeWork_09;
		};
/* End PBXContainerItemProxy section */

/* Begin PBXFileReference section */
		6CB0E18E1A8E6A5700022BD6 /* ASBadDoctor.h */ = {isa = PBXFileReference; fileEncoding = 4; lastKnownFileType = sourcecode.c.h; path = ASBadDoctor.h; sourceTree = "<group>"; };
		6CB0E18F1A8E6A5700022BD6 /* ASBadDoctor.m */ = {isa = PBXFileReference; fileEncoding = 4; lastKnownFileType = sourcecode.c.objc; path = ASBadDoctor.m; sourceTree = "<group>"; };
		6CCC20CC1A8CCD8100114897 /* HomeWork_09.app */ = {isa = PBXFileReference; explicitFileType = wrapper.application; includeInIndex = 0; path = HomeWork_09.app; sourceTree = BUILT_PRODUCTS_DIR; };
		6CCC20D01A8CCD8100114897 /* Info.plist */ = {isa = PBXFileReference; lastKnownFileType = text.plist.xml; path = Info.plist; sourceTree = "<group>"; };
		6CCC20D11A8CCD8100114897 /* main.m */ = {isa = PBXFileReference; lastKnownFileType = sourcecode.c.objc; path = main.m; sourceTree = "<group>"; };
		6CCC20D31A8CCD8100114897 /* AppDelegate.h */ = {isa = PBXFileReference; lastKnownFileType = sourcecode.c.h; path = AppDelegate.h; sourceTree = "<group>"; };
		6CCC20D41A8CCD8100114897 /* AppDelegate.m */ = {isa = PBXFileReference; lastKnownFileType = sourcecode.c.objc; path = AppDelegate.m; sourceTree = "<group>"; };
		6CCC20D61A8CCD8100114897 /* ViewController.h */ = {isa = PBXFileReference; lastKnownFileType = sourcecode.c.h; path = ViewController.h; sourceTree = "<group>"; };
		6CCC20D71A8CCD8100114897 /* ViewController.m */ = {isa = PBXFileReference; lastKnownFileType = sourcecode.c.objc; path = ViewController.m; sourceTree = "<group>"; };
		6CCC20DA1A8CCD8100114897 /* Base */ = {isa = PBXFileReference; lastKnownFileType = file.storyboard; name = Base; path = Base.lproj/Main.storyboard; sourceTree = "<group>"; };
		6CCC20DC1A8CCD8100114897 /* Images.xcassets */ = {isa = PBXFileReference; lastKnownFileType = folder.assetcatalog; path = Images.xcassets; sourceTree = "<group>"; };
		6CCC20DF1A8CCD8100114897 /* Base */ = {isa = PBXFileReference; lastKnownFileType = file.xib; name = Base; path = Base.lproj/LaunchScreen.xib; sourceTree = "<group>"; };
		6CCC20E51A8CCD8100114897 /* HomeWork_09Tests.xctest */ = {isa = PBXFileReference; explicitFileType = wrapper.cfbundle; includeInIndex = 0; path = HomeWork_09Tests.xctest; sourceTree = BUILT_PRODUCTS_DIR; };
		6CCC20EA1A8CCD8100114897 /* Info.plist */ = {isa = PBXFileReference; lastKnownFileType = text.plist.xml; path = Info.plist; sourceTree = "<group>"; };
		6CCC20EB1A8CCD8100114897 /* HomeWork_09Tests.m */ = {isa = PBXFileReference; lastKnownFileType = sourcecode.c.objc; path = HomeWork_09Tests.m; sourceTree = "<group>"; };
		6CCC20F51A8CCDCC00114897 /* ASPatient.h */ = {isa = PBXFileReference; fileEncoding = 4; lastKnownFileType = sourcecode.c.h; path = ASPatient.h; sourceTree = "<group>"; };
		6CCC20F61A8CCDCC00114897 /* ASPatient.m */ = {isa = PBXFileReference; fileEncoding = 4; lastKnownFileType = sourcecode.c.objc; path = ASPatient.m; sourceTree = "<group>"; };
		6CCC20F81A8CD10B00114897 /* ASDoctor.h */ = {isa = PBXFileReference; fileEncoding = 4; lastKnownFileType = sourcecode.c.h; path = ASDoctor.h; sourceTree = "<group>"; };
		6CCC20F91A8CD10B00114897 /* ASDoctor.m */ = {isa = PBXFileReference; fileEncoding = 4; lastKnownFileType = sourcecode.c.objc; path = ASDoctor.m; sourceTree = "<group>"; };
/* End PBXFileReference section */

/* Begin PBXFrameworksBuildPhase section */
		6CCC20C91A8CCD8100114897 /* Frameworks */ = {
			isa = PBXFrameworksBuildPhase;
			buildActionMask = 2147483647;
			files = (
			);
			runOnlyForDeploymentPostprocessing = 0;
		};
		6CCC20E21A8CCD8100114897 /* Frameworks */ = {
			isa = PBXFrameworksBuildPhase;
			buildActionMask = 2147483647;
			files = (
			);
			runOnlyForDeploymentPostprocessing = 0;
		};
/* End PBXFrameworksBuildPhase section */

/* Begin PBXGroup section */
		6CCC20C31A8CCD8100114897 = {
			isa = PBXGroup;
			children = (
				6CCC20CE1A8CCD8100114897 /* HomeWork_09 */,
			);
			sourceTree = "<group>";
		};
		6CCC20CD1A8CCD8100114897 /* Products */ = {
			isa = PBXGroup;
			children = (
				6CCC20CC1A8CCD8100114897 /* HomeWork_09.app */,
				6CCC20E51A8CCD8100114897 /* HomeWork_09Tests.xctest */,
			);
			name = Products;
			path = ..;
			sourceTree = "<group>";
		};
		6CCC20CE1A8CCD8100114897 /* HomeWork_09 */ = {
			isa = PBXGroup;
			children = (
				6CCC20D31A8CCD8100114897 /* AppDelegate.h */,
				6CCC20D41A8CCD8100114897 /* AppDelegate.m */,
				6CCC20F51A8CCDCC00114897 /* ASPatient.h */,
				6CCC20F61A8CCDCC00114897 /* ASPatient.m */,
				6CCC20F81A8CD10B00114897 /* ASDoctor.h */,
				6CCC20F91A8CD10B00114897 /* ASDoctor.m */,
				6CB0E18E1A8E6A5700022BD6 /* ASBadDoctor.h */,
				6CB0E18F1A8E6A5700022BD6 /* ASBadDoctor.m */,
				6CCC20CF1A8CCD8100114897 /* Supporting Files */,
			);
			path = HomeWork_09;
			sourceTree = "<group>";
		};
		6CCC20CF1A8CCD8100114897 /* Supporting Files */ = {
			isa = PBXGroup;
			children = (
				6CCC20E81A8CCD8100114897 /* HomeWork_09Tests */,
				6CCC20CD1A8CCD8100114897 /* Products */,
				6CCC20D61A8CCD8100114897 /* ViewController.h */,
				6CCC20D71A8CCD8100114897 /* ViewController.m */,
				6CCC20D91A8CCD8100114897 /* Main.storyboard */,
				6CCC20DC1A8CCD8100114897 /* Images.xcassets */,
				6CCC20DE1A8CCD8100114897 /* LaunchScreen.xib */,
				6CCC20D01A8CCD8100114897 /* Info.plist */,
				6CCC20D11A8CCD8100114897 /* main.m */,
			);
			name = "Supporting Files";
			sourceTree = "<group>";
		};
		6CCC20E81A8CCD8100114897 /* HomeWork_09Tests */ = {
			isa = PBXGroup;
			children = (
				6CCC20EB1A8CCD8100114897 /* HomeWork_09Tests.m */,
				6CCC20E91A8CCD8100114897 /* Supporting Files */,
			);
			path = HomeWork_09Tests;
			sourceTree = SOURCE_ROOT;
		};
		6CCC20E91A8CCD8100114897 /* Supporting Files */ = {
			isa = PBXGroup;
			children = (
				6CCC20EA1A8CCD8100114897 /* Info.plist */,
			);
			name = "Supporting Files";
			sourceTree = "<group>";
		};
/* End PBXGroup section */

/* Begin PBXNativeTarget section */
		6CCC20CB1A8CCD8100114897 /* HomeWork_09 */ = {
			isa = PBXNativeTarget;
			buildConfigurationList = 6CCC20EF1A8CCD8100114897 /* Build configuration list for PBXNativeTarget "HomeWork_09" */;
			buildPhases = (
				6CCC20C81A8CCD8100114897 /* Sources */,
				6CCC20C91A8CCD8100114897 /* Frameworks */,
				6CCC20CA1A8CCD8100114897 /* Resources */,
			);
			buildRules = (
			);
			dependencies = (
			);
			name = HomeWork_09;
			productName = HomeWork_09;
			productReference = 6CCC20CC1A8CCD8100114897 /* HomeWork_09.app */;
			productType = "com.apple.product-type.application";
		};
		6CCC20E41A8CCD8100114897 /* HomeWork_09Tests */ = {
			isa = PBXNativeTarget;
			buildConfigurationList = 6CCC20F21A8CCD8100114897 /* Build configuration list for PBXNativeTarget "HomeWork_09Tests" */;
			buildPhases = (
				6CCC20E11A8CCD8100114897 /* Sources */,
				6CCC20E21A8CCD8100114897 /* Frameworks */,
				6CCC20E31A8CCD8100114897 /* Resources */,
			);
			buildRules = (
			);
			dependencies = (
				6CCC20E71A8CCD8100114897 /* PBXTargetDependency */,
			);
			name = HomeWork_09Tests;
			productName = HomeWork_09Tests;
			productReference = 6CCC20E51A8CCD8100114897 /* HomeWork_09Tests.xctest */;
			productType = "com.apple.product-type.bundle.unit-test";
		};
/* End PBXNativeTarget section */

/* Begin PBXProject section */
		6CCC20C41A8CCD8100114897 /* Project object */ = {
			isa = PBXProject;
			attributes = {
				LastUpgradeCheck = 0610;
				ORGANIZATIONNAME = hh;
				TargetAttributes = {
					6CCC20CB1A8CCD8100114897 = {
						CreatedOnToolsVersion = 6.1;
					};
					6CCC20E41A8CCD8100114897 = {
						CreatedOnToolsVersion = 6.1;
						TestTargetID = 6CCC20CB1A8CCD8100114897;
					};
				};
			};
			buildConfigurationList = 6CCC20C71A8CCD8100114897 /* Build configuration list for PBXProject "HomeWork_09" */;
			compatibilityVersion = "Xcode 3.2";
			developmentRegion = English;
			hasScannedForEncodings = 0;
			knownRegions = (
				en,
				Base,
			);
			mainGroup = 6CCC20C31A8CCD8100114897;
			productRefGroup = 6CCC20CD1A8CCD8100114897 /* Products */;
			projectDirPath = "";
			projectRoot = "";
			targets = (
				6CCC20CB1A8CCD8100114897 /* HomeWork_09 */,
				6CCC20E41A8CCD8100114897 /* HomeWork_09Tests */,
			);
		};
/* End PBXProject section */

/* Begin PBXResourcesBuildPhase section */
		6CCC20CA1A8CCD8100114897 /* Resources */ = {
			isa = PBXResourcesBuildPhase;
			buildActionMask = 2147483647;
			files = (
				6CCC20DB1A8CCD8100114897 /* Main.storyboard in Resources */,
				6CCC20E01A8CCD8100114897 /* LaunchScreen.xib in Resources */,
				6CCC20DD1A8CCD8100114897 /* Images.xcassets in Resources */,
			);
			runOnlyForDeploymentPostprocessing = 0;
		};
		6CCC20E31A8CCD8100114897 /* Resources */ = {
			isa = PBXResourcesBuildPhase;
			buildActionMask = 2147483647;
			files = (
			);
			runOnlyForDeploymentPostprocessing = 0;
		};
/* End PBXResourcesBuildPhase section */

/* Begin PBXSourcesBuildPhase section */
		6CCC20C81A8CCD8100114897 /* Sources */ = {
			isa = PBXSourcesBuildPhase;
			buildActionMask = 2147483647;
			files = (
				6CCC20D81A8CCD8100114897 /* ViewController.m in Sources */,
				6CCC20D51A8CCD8100114897 /* AppDelegate.m in Sources */,
				6CCC20D21A8CCD8100114897 /* main.m in Sources */,
				6CCC20F71A8CCDCC00114897 /* ASPatient.m in Sources */,
				6CB0E1901A8E6A5700022BD6 /* ASBadDoctor.m in Sources */,
				6CCC20FA1A8CD10B00114897 /* ASDoctor.m in Sources */,
			);
			runOnlyForDeploymentPostprocessing = 0;
		};
		6CCC20E11A8CCD8100114897 /* Sources */ = {
			isa = PBXSourcesBuildPhase;
			buildActionMask = 2147483647;
			files = (
				6CCC20EC1A8CCD8100114897 /* HomeWork_09Tests.m in Sources */,
			);
			runOnlyForDeploymentPostprocessing = 0;
		};
/* End PBXSourcesBuildPhase section */

/* Begin PBXTargetDependency section */
		6CCC20E71A8CCD8100114897 /* PBXTargetDependency */ = {
			isa = PBXTargetDependency;
			target = 6CCC20CB1A8CCD8100114897 /* HomeWork_09 */;
			targetProxy = 6CCC20E61A8CCD8100114897 /* PBXContainerItemProxy */;
		};
/* End PBXTargetDependency section */

/* Begin PBXVariantGroup section */
		6CCC20D91A8CCD8100114897 /* Main.storyboard */ = {
			isa = PBXVariantGroup;
			children = (
				6CCC20DA1A8CCD8100114897 /* Base */,
			);
			name = Main.storyboard;
			sourceTree = "<group>";
		};
		6CCC20DE1A8CCD8100114897 /* LaunchScreen.xib */ = {
			isa = PBXVariantGroup;
			children = (
				6CCC20DF1A8CCD8100114897 /* Base */,
			);
			name = LaunchScreen.xib;
			sourceTree = "<group>";
		};
/* End PBXVariantGroup section */

/* Begin XCBuildConfiguration section */
		6CCC20ED1A8CCD8100114897 /* Debug */ = {
			isa = XCBuildConfiguration;
			buildSettings = {
				ALWAYS_SEARCH_USER_PATHS = NO;
				CLANG_CXX_LANGUAGE_STANDARD = "gnu++0x";
				CLANG_CXX_LIBRARY = "libc++";
				CLANG_ENABLE_MODULES = YES;
				CLANG_ENABLE_OBJC_ARC = YES;
				CLANG_WARN_BOOL_CONVERSION = YES;
				CLANG_WARN_CONSTANT_CONVERSION = YES;
				CLANG_WARN_DIRECT_OBJC_ISA_USAGE = YES_ERROR;
				CLANG_WARN_EMPTY_BODY = YES;
				CLANG_WARN_ENUM_CONVERSION = YES;
				CLANG_WARN_INT_CONVERSION = YES;
				CLANG_WARN_OBJC_ROOT_CLASS = YES_ERROR;
				CLANG_WARN_UNREACHABLE_CODE = YES;
				CLANG_WARN__DUPLICATE_METHOD_MATCH = YES;
				"CODE_SIGN_IDENTITY[sdk=iphoneos*]" = "iPhone Developer";
				COPY_PHASE_STRIP = NO;
				ENABLE_STRICT_OBJC_MSGSEND = YES;
				GCC_C_LANGUAGE_STANDARD = gnu99;
				GCC_DYNAMIC_NO_PIC = NO;
				GCC_OPTIMIZATION_LEVEL = 0;
				GCC_PREPROCESSOR_DEFINITIONS = (
					"DEBUG=1",
					"$(inherited)",
				);
				GCC_SYMBOLS_PRIVATE_EXTERN = NO;
				GCC_WARN_64_TO_32_BIT_CONVERSION = YES;
				GCC_WARN_ABOUT_RETURN_TYPE = YES_ERROR;
				GCC_WARN_UNDECLARED_SELECTOR = YES;
				GCC_WARN_UNINITIALIZED_AUTOS = YES_AGGRESSIVE;
				GCC_WARN_UNUSED_FUNCTION = YES;
				GCC_WARN_UNUSED_VARIABLE = YES;
				IPHONEOS_DEPLOYMENT_TARGET = 8.1;
				MTL_ENABLE_DEBUG_INFO = YES;
				ONLY_ACTIVE_ARCH = YES;
				SDKROOT = iphoneos;
				TARGETED_DEVICE_FAMILY = "1,2";
			};
			name = Debug;
		};
		6CCC20EE1A8CCD8100114897 /* Release */ = {
			isa = XCBuildConfiguration;
			buildSettings = {
				ALWAYS_SEARCH_USER_PATHS = NO;
				CLANG_CXX_LANGUAGE_STANDARD = "gnu++0x";
				CLANG_CXX_LIBRARY = "libc++";
				CLANG_ENABLE_MODULES = YES;
				CLANG_ENABLE_OBJC_ARC = YES;
				CLANG_WARN_BOOL_CONVERSION = YES;
				CLANG_WARN_CONSTANT_CONVERSION = YES;
				CLANG_WARN_DIRECT_OBJC_ISA_USAGE = YES_ERROR;
				CLANG_WARN_EMPTY_BODY = YES;
				CLANG_WARN_ENUM_CONVERSION = YES;
				CLANG_WARN_INT_CONVERSION = YES;
				CLANG_WARN_OBJC_ROOT_CLASS = YES_ERROR;
				CLANG_WARN_UNREACHABLE_CODE = YES;
				CLANG_WARN__DUPLICATE_METHOD_MATCH = YES;
				"CODE_SIGN_IDENTITY[sdk=iphoneos*]" = "iPhone Developer";
				COPY_PHASE_STRIP = YES;
				ENABLE_NS_ASSERTIONS = NO;
				ENABLE_STRICT_OBJC_MSGSEND = YES;
				GCC_C_LANGUAGE_STANDARD = gnu99;
				GCC_WARN_64_TO_32_BIT_CONVERSION = YES;
				GCC_WARN_ABOUT_RETURN_TYPE = YES_ERROR;
				GCC_WARN_UNDECLARED_SELECTOR = YES;
				GCC_WARN_UNINITIALIZED_AUTOS = YES_AGGRESSIVE;
				GCC_WARN_UNUSED_FUNCTION = YES;
				GCC_WARN_UNUSED_VARIABLE = YES;
				IPHONEOS_DEPLOYMENT_TARGET = 8.1;
				MTL_ENABLE_DEBUG_INFO = NO;
				SDKROOT = iphoneos;
				TARGETED_DEVICE_FAMILY = "1,2";
				VALIDATE_PRODUCT = YES;
			};
			name = Release;
		};
		6CCC20F01A8CCD8100114897 /* Debug */ = {
			isa = XCBuildConfiguration;
			buildSettings = {
				ASSETCATALOG_COMPILER_APPICON_NAME = AppIcon;
				INFOPLIST_FILE = HomeWork_09/Info.plist;
				LD_RUNPATH_SEARCH_PATHS = "$(inherited) @executable_path/Frameworks";
				PRODUCT_NAME = "$(TARGET_NAME)";
			};
			name = Debug;
		};
		6CCC20F11A8CCD8100114897 /* Release */ = {
			isa = XCBuildConfiguration;
			buildSettings = {
				ASSETCATALOG_COMPILER_APPICON_NAME = AppIcon;
				INFOPLIST_FILE = HomeWork_09/Info.plist;
				LD_RUNPATH_SEARCH_PATHS = "$(inherited) @executable_path/Frameworks";
				PRODUCT_NAME = "$(TARGET_NAME)";
			};
			name = Release;
		};
		6CCC20F31A8CCD8100114897 /* Debug */ = {
			isa = XCBuildConfiguration;
			buildSettings = {
				BUNDLE_LOADER = "$(TEST_HOST)";
				FRAMEWORK_SEARCH_PATHS = (
					"$(SDKROOT)/Developer/Library/Frameworks",
					"$(inherited)",
				);
				GCC_PREPROCESSOR_DEFINITIONS = (
					"DEBUG=1",
					"$(inherited)",
				);
				INFOPLIST_FILE = HomeWork_09Tests/Info.plist;
				LD_RUNPATH_SEARCH_PATHS = "$(inherited) @executable_path/Frameworks @loader_path/Frameworks";
				PRODUCT_NAME = "$(TARGET_NAME)";
				TEST_HOST = "$(BUILT_PRODUCTS_DIR)/HomeWork_09.app/HomeWork_09";
			};
			name = Debug;
		};
		6CCC20F41A8CCD8100114897 /* Release */ = {
			isa = XCBuildConfiguration;
			buildSettings = {
				BUNDLE_LOADER = "$(TEST_HOST)";
				FRAMEWORK_SEARCH_PATHS = (
					"$(SDKROOT)/Developer/Library/Frameworks",
					"$(inherited)",
				);
				INFOPLIST_FILE = HomeWork_09Tests/Info.plist;
				LD_RUNPATH_SEARCH_PATHS = "$(inherited) @executable_path/Frameworks @loader_path/Frameworks";
				PRODUCT_NAME = "$(TARGET_NAME)";
				TEST_HOST = "$(BUILT_PRODUCTS_DIR)/HomeWork_09.app/HomeWork_09";
			};
			name = Release;
		};
/* End XCBuildConfiguration section */

/* Begin XCConfigurationList section */
		6CCC20C71A8CCD8100114897 /* Build configuration list for PBXProject "HomeWork_09" */ = {
			isa = XCConfigurationList;
			buildConfigurations = (
				6CCC20ED1A8CCD8100114897 /* Debug */,
				6CCC20EE1A8CCD8100114897 /* Release */,
			);
			defaultConfigurationIsVisible = 0;
			defaultConfigurationName = Release;
		};
		6CCC20EF1A8CCD8100114897 /* Build configuration list for PBXNativeTarget "HomeWork_09" */ = {
			isa = XCConfigurationList;
			buildConfigurations = (
				6CCC20F01A8CCD8100114897 /* Debug */,
				6CCC20F11A8CCD8100114897 /* Release */,
			);
			defaultConfigurationIsVisible = 0;
			defaultConfigurationName = Release;
		};
		6CCC20F21A8CCD8100114897 /* Build configuration list for PBXNativeTarget "HomeWork_09Tests" */ = {
			isa = XCConfigurationList;
			buildConfigurations = (
				6CCC20F31A8CCD8100114897 /* Debug */,
				6CCC20F41A8CCD8100114897 /* Release */,
			);
			defaultConfigurationIsVisible = 0;
			defaultConfigurationName = Release;
		};
/* End XCConfigurationList section */
	};
	rootObject = 6CCC20C41A8CCD8100114897 /* Project object */;
}
